
Microsoft Visual Studio Solution File, Format Version 12.00
# Visual Studio Version 16
VisualStudioVersion = 16.0.30516.212
MinimumVisualStudioVersion = 10.0.40219.1
Project("{9A19103F-16F7-4668-BE54-9A1E7A4F7556}") = "BlazorWasmJSInteropExamples", "BlazorWasmJSInteropExamples\BlazorWasmJSInteropExamples.csproj", "{CBCE5E82-8FC6-48DA-B794-461ED00C880F}"
EndProject
Global
	GlobalSection(SolutionConfigurationPlatforms) = preSolution
		Debug|Any CPU = Debug|Any CPU
		Release|Any CPU = Release|Any CPU
	EndGlobalSection
	GlobalSection(ProjectConfigurationPlatforms) = postSolution
		{CBCE5E82-8FC6-48DA-B794-461ED00C880F}.Debug|Any CPU.ActiveCfg = Debug|Any CPU
		{CBCE5E82-8FC6-48DA-B794-461ED00C880F}.Debug|Any CPU.Build.0 = Debug|Any CPU
		{CBCE5E82-8FC6-48DA-B794-461ED00C880F}.Release|Any CPU.ActiveCfg = Release|Any CPU
		{CBCE5E82-8FC6-48DA-B794-461ED00C880F}.Release|Any CPU.Build.0 = Release|Any CPU
	EndGlobalSection
	GlobalSection(SolutionProperties) = preSolution
		HideSolutionNode = FALSE
	EndGlobalSection
	GlobalSection(ExtensibilityGlobals) = postSolution
		SolutionGuid = {E7A70B15-51D3-408E-A2B5-25F9DC4AAB12}
	EndGlobalSection
EndGlobal
